
Microsoft Visual Studio Solution File, Format Version 12.00
# Visual Studio 15
VisualStudioVersion = 15.0.26730.10
MinimumVisualStudioVersion = 10.0.40219.1
Project("{9A19103F-16F7-4668-BE54-9A1E7A4F7556}") = "MarketingCloud.Android", "MarketingCloud.Android\MarketingCloud.Android.csproj", "{55C7118A-71A0-471B-BF67-A41C697188FA}"
EndProject
Project("{9A19103F-16F7-4668-BE54-9A1E7A4F7556}") = "MarketingCloud.iOS", "MarketingCloud.iOS\MarketingCloud.iOS.csproj", "{15229BCC-FF56-4AD7-913B-222E378F90F4}"
EndProject
Global
	GlobalSection(SolutionConfigurationPlatforms) = preSolution
		Debug|Any CPU = Debug|Any CPU
		Release|Any CPU = Release|Any CPU
	EndGlobalSection
	GlobalSection(ProjectConfigurationPlatforms) = postSolution
		{55C7118A-71A0-471B-BF67-A41C697188FA}.Debug|Any CPU.ActiveCfg = Debug|Any CPU
		{55C7118A-71A0-471B-BF67-A41C697188FA}.Debug|Any CPU.Build.0 = Debug|Any CPU
		{55C7118A-71A0-471B-BF67-A41C697188FA}.Release|Any CPU.ActiveCfg = Release|Any CPU
		{55C7118A-71A0-471B-BF67-A41C697188FA}.Release|Any CPU.Build.0 = Release|Any CPU
		{15229BCC-FF56-4AD7-913B-222E378F90F4}.Debug|Any CPU.ActiveCfg = Debug|Any CPU
		{15229BCC-FF56-4AD7-913B-222E378F90F4}.Debug|Any CPU.Build.0 = Debug|Any CPU
		{15229BCC-FF56-4AD7-913B-222E378F90F4}.Release|Any CPU.ActiveCfg = Release|Any CPU
		{15229BCC-FF56-4AD7-913B-222E378F90F4}.Release|Any CPU.Build.0 = Release|Any CPU
	EndGlobalSection
	GlobalSection(SolutionProperties) = preSolution
		HideSolutionNode = FALSE
	EndGlobalSection
	GlobalSection(ExtensibilityGlobals) = postSolution
		SolutionGuid = {598655D6-2D54-4ECE-AD04-CA7EB6B55A17}
	EndGlobalSection
EndGlobal
